
Microsoft Visual Studio Solution File, Format Version 12.00
# Visual Studio Version 16
VisualStudioVersion = 16.0.31019.35
MinimumVisualStudioVersion = 10.0.40219.1
Project("{FAE04EC0-301F-11D3-BF4B-00C04F79EFBC}") = "HierarchicalInheritance", "HierarchicalInheritance\HierarchicalInheritance.csproj", "{ED9DFC4E-ED6A-45FE-8945-0171BB7DD7CC}"
EndProject
Global
	GlobalSection(SolutionConfigurationPlatforms) = preSolution
		Debug|Any CPU = Debug|Any CPU
		Release|Any CPU = Release|Any CPU
	EndGlobalSection
	GlobalSection(ProjectConfigurationPlatforms) = postSolution
		{ED9DFC4E-ED6A-45FE-8945-0171BB7DD7CC}.Debug|Any CPU.ActiveCfg = Debug|Any CPU
		{ED9DFC4E-ED6A-45FE-8945-0171BB7DD7CC}.Debug|Any CPU.Build.0 = Debug|Any CPU
		{ED9DFC4E-ED6A-45FE-8945-0171BB7DD7CC}.Release|Any CPU.ActiveCfg = Release|Any CPU
		{ED9DFC4E-ED6A-45FE-8945-0171BB7DD7CC}.Release|Any CPU.Build.0 = Release|Any CPU
	EndGlobalSection
	GlobalSection(SolutionProperties) = preSolution
		HideSolutionNode = FALSE
	EndGlobalSection
	GlobalSection(ExtensibilityGlobals) = postSolution
		SolutionGuid = {AD9CBF00-9940-4331-9B4B-284D122CE045}
	EndGlobalSection
EndGlobal
