
Microsoft Visual Studio Solution File, Format Version 12.00
# Visual Studio Version 16
VisualStudioVersion = 16.0.31313.79
MinimumVisualStudioVersion = 10.0.40219.1
Project("{FAE04EC0-301F-11D3-BF4B-00C04F79EFBC}") = "Prop_Get_Set_Ex", "Prop_Get_Set_Ex\Prop_Get_Set_Ex.csproj", "{4492B7B8-7D93-4A12-8EFA-961D5F026CD5}"
EndProject
Global
	GlobalSection(SolutionConfigurationPlatforms) = preSolution
		Debug|Any CPU = Debug|Any CPU
		Release|Any CPU = Release|Any CPU
	EndGlobalSection
	GlobalSection(ProjectConfigurationPlatforms) = postSolution
		{4492B7B8-7D93-4A12-8EFA-961D5F026CD5}.Debug|Any CPU.ActiveCfg = Debug|Any CPU
		{4492B7B8-7D93-4A12-8EFA-961D5F026CD5}.Debug|Any CPU.Build.0 = Debug|Any CPU
		{4492B7B8-7D93-4A12-8EFA-961D5F026CD5}.Release|Any CPU.ActiveCfg = Release|Any CPU
		{4492B7B8-7D93-4A12-8EFA-961D5F026CD5}.Release|Any CPU.Build.0 = Release|Any CPU
	EndGlobalSection
	GlobalSection(SolutionProperties) = preSolution
		HideSolutionNode = FALSE
	EndGlobalSection
	GlobalSection(ExtensibilityGlobals) = postSolution
		SolutionGuid = {990757C6-5F47-4F85-9C68-623F19281044}
	EndGlobalSection
EndGlobal
