
Microsoft Visual Studio Solution File, Format Version 12.00
# Visual Studio Version 16
VisualStudioVersion = 16.0.31313.79
MinimumVisualStudioVersion = 10.0.40219.1
Project("{FAE04EC0-301F-11D3-BF4B-00C04F79EFBC}") = "MyService_Ex", "MyService_Ex\MyService_Ex.csproj", "{299C6902-3243-4624-9D13-FFC4F431B8F0}"
EndProject
Global
	GlobalSection(SolutionConfigurationPlatforms) = preSolution
		Debug|Any CPU = Debug|Any CPU
		Release|Any CPU = Release|Any CPU
	EndGlobalSection
	GlobalSection(ProjectConfigurationPlatforms) = postSolution
		{299C6902-3243-4624-9D13-FFC4F431B8F0}.Debug|Any CPU.ActiveCfg = Debug|Any CPU
		{299C6902-3243-4624-9D13-FFC4F431B8F0}.Debug|Any CPU.Build.0 = Debug|Any CPU
		{299C6902-3243-4624-9D13-FFC4F431B8F0}.Release|Any CPU.ActiveCfg = Release|Any CPU
		{299C6902-3243-4624-9D13-FFC4F431B8F0}.Release|Any CPU.Build.0 = Release|Any CPU
	EndGlobalSection
	GlobalSection(SolutionProperties) = preSolution
		HideSolutionNode = FALSE
	EndGlobalSection
	GlobalSection(ExtensibilityGlobals) = postSolution
		SolutionGuid = {9FF1AA38-8A32-41CC-8DFE-4DBA61F5CD39}
	EndGlobalSection
EndGlobal
