
Microsoft Visual Studio Solution File, Format Version 12.00
# Visual Studio Version 16
VisualStudioVersion = 16.0.31019.35
MinimumVisualStudioVersion = 10.0.40219.1
Project("{FAE04EC0-301F-11D3-BF4B-00C04F79EFBC}") = "PartialViewDemo", "PartialViewDemo\PartialViewDemo.csproj", "{C985DB07-D407-4FC3-85DE-77AC4ABE368F}"
EndProject
Global
	GlobalSection(SolutionConfigurationPlatforms) = preSolution
		Debug|Any CPU = Debug|Any CPU
		Release|Any CPU = Release|Any CPU
	EndGlobalSection
	GlobalSection(ProjectConfigurationPlatforms) = postSolution
		{C985DB07-D407-4FC3-85DE-77AC4ABE368F}.Debug|Any CPU.ActiveCfg = Debug|Any CPU
		{C985DB07-D407-4FC3-85DE-77AC4ABE368F}.Debug|Any CPU.Build.0 = Debug|Any CPU
		{C985DB07-D407-4FC3-85DE-77AC4ABE368F}.Release|Any CPU.ActiveCfg = Release|Any CPU
		{C985DB07-D407-4FC3-85DE-77AC4ABE368F}.Release|Any CPU.Build.0 = Release|Any CPU
	EndGlobalSection
	GlobalSection(SolutionProperties) = preSolution
		HideSolutionNode = FALSE
	EndGlobalSection
	GlobalSection(ExtensibilityGlobals) = postSolution
		SolutionGuid = {BFB9C906-F115-4A49-ADFD-E68817DE04BA}
	EndGlobalSection
EndGlobal
