
Microsoft Visual Studio Solution File, Format Version 12.00
# Visual Studio Version 16
VisualStudioVersion = 16.0.31019.35
MinimumVisualStudioVersion = 10.0.40219.1
Project("{FAE04EC0-301F-11D3-BF4B-00C04F79EFBC}") = "nTireCrudDemo", "nTireCrudDemo\nTireCrudDemo.csproj", "{51B06689-C0D3-42F2-BDCD-3AD6690C828A}"
EndProject
Project("{FAE04EC0-301F-11D3-BF4B-00C04F79EFBC}") = "Data", "Data\Data.csproj", "{129E5A32-5CD3-4AB0-853C-2C3631E068B2}"
EndProject
Project("{FAE04EC0-301F-11D3-BF4B-00C04F79EFBC}") = "BL", "BL\BL.csproj", "{1D31EFE4-9784-4EE0-981E-3B0AC86DF33D}"
EndProject
Project("{FAE04EC0-301F-11D3-BF4B-00C04F79EFBC}") = "BE", "BE\BE.csproj", "{90FFFF0B-CC0C-44A5-93F8-B2A32A35230C}"
EndProject
Project("{FAE04EC0-301F-11D3-BF4B-00C04F79EFBC}") = "Common", "Common\Common.csproj", "{9B317E00-1DCB-4C00-BE82-6DCCB3FF1CEF}"
EndProject
Global
	GlobalSection(SolutionConfigurationPlatforms) = preSolution
		Debug|Any CPU = Debug|Any CPU
		Release|Any CPU = Release|Any CPU
	EndGlobalSection
	GlobalSection(ProjectConfigurationPlatforms) = postSolution
		{51B06689-C0D3-42F2-BDCD-3AD6690C828A}.Debug|Any CPU.ActiveCfg = Debug|Any CPU
		{51B06689-C0D3-42F2-BDCD-3AD6690C828A}.Debug|Any CPU.Build.0 = Debug|Any CPU
		{51B06689-C0D3-42F2-BDCD-3AD6690C828A}.Release|Any CPU.ActiveCfg = Release|Any CPU
		{51B06689-C0D3-42F2-BDCD-3AD6690C828A}.Release|Any CPU.Build.0 = Release|Any CPU
		{129E5A32-5CD3-4AB0-853C-2C3631E068B2}.Debug|Any CPU.ActiveCfg = Debug|Any CPU
		{129E5A32-5CD3-4AB0-853C-2C3631E068B2}.Debug|Any CPU.Build.0 = Debug|Any CPU
		{129E5A32-5CD3-4AB0-853C-2C3631E068B2}.Release|Any CPU.ActiveCfg = Release|Any CPU
		{129E5A32-5CD3-4AB0-853C-2C3631E068B2}.Release|Any CPU.Build.0 = Release|Any CPU
		{1D31EFE4-9784-4EE0-981E-3B0AC86DF33D}.Debug|Any CPU.ActiveCfg = Debug|Any CPU
		{1D31EFE4-9784-4EE0-981E-3B0AC86DF33D}.Debug|Any CPU.Build.0 = Debug|Any CPU
		{1D31EFE4-9784-4EE0-981E-3B0AC86DF33D}.Release|Any CPU.ActiveCfg = Release|Any CPU
		{1D31EFE4-9784-4EE0-981E-3B0AC86DF33D}.Release|Any CPU.Build.0 = Release|Any CPU
		{90FFFF0B-CC0C-44A5-93F8-B2A32A35230C}.Debug|Any CPU.ActiveCfg = Debug|Any CPU
		{90FFFF0B-CC0C-44A5-93F8-B2A32A35230C}.Debug|Any CPU.Build.0 = Debug|Any CPU
		{90FFFF0B-CC0C-44A5-93F8-B2A32A35230C}.Release|Any CPU.ActiveCfg = Release|Any CPU
		{90FFFF0B-CC0C-44A5-93F8-B2A32A35230C}.Release|Any CPU.Build.0 = Release|Any CPU
		{9B317E00-1DCB-4C00-BE82-6DCCB3FF1CEF}.Debug|Any CPU.ActiveCfg = Debug|Any CPU
		{9B317E00-1DCB-4C00-BE82-6DCCB3FF1CEF}.Debug|Any CPU.Build.0 = Debug|Any CPU
		{9B317E00-1DCB-4C00-BE82-6DCCB3FF1CEF}.Release|Any CPU.ActiveCfg = Release|Any CPU
		{9B317E00-1DCB-4C00-BE82-6DCCB3FF1CEF}.Release|Any CPU.Build.0 = Release|Any CPU
	EndGlobalSection
	GlobalSection(SolutionProperties) = preSolution
		HideSolutionNode = FALSE
	EndGlobalSection
	GlobalSection(ExtensibilityGlobals) = postSolution
		SolutionGuid = {446FFD77-5F3E-4292-BBD7-EE5633DB20AC}
	EndGlobalSection
EndGlobal
