
Microsoft Visual Studio Solution File, Format Version 12.00
# Visual Studio Version 16
VisualStudioVersion = 16.0.31313.79
MinimumVisualStudioVersion = 10.0.40219.1
Project("{FAE04EC0-301F-11D3-BF4B-00C04F79EFBC}") = "ExistingEditor_Ex", "ExistingEditor_Ex\ExistingEditor_Ex.csproj", "{32F7E526-2766-47F0-BC3E-36B49A43969D}"
EndProject
Global
	GlobalSection(SolutionConfigurationPlatforms) = preSolution
		Debug|Any CPU = Debug|Any CPU
		Release|Any CPU = Release|Any CPU
	EndGlobalSection
	GlobalSection(ProjectConfigurationPlatforms) = postSolution
		{32F7E526-2766-47F0-BC3E-36B49A43969D}.Debug|Any CPU.ActiveCfg = Debug|Any CPU
		{32F7E526-2766-47F0-BC3E-36B49A43969D}.Debug|Any CPU.Build.0 = Debug|Any CPU
		{32F7E526-2766-47F0-BC3E-36B49A43969D}.Release|Any CPU.ActiveCfg = Release|Any CPU
		{32F7E526-2766-47F0-BC3E-36B49A43969D}.Release|Any CPU.Build.0 = Release|Any CPU
	EndGlobalSection
	GlobalSection(SolutionProperties) = preSolution
		HideSolutionNode = FALSE
	EndGlobalSection
	GlobalSection(ExtensibilityGlobals) = postSolution
		SolutionGuid = {0AD2FA1F-C281-4C8F-8F5B-1A6D3E10EA31}
	EndGlobalSection
EndGlobal
