
Microsoft Visual Studio Solution File, Format Version 12.00
# Visual Studio Version 16
VisualStudioVersion = 16.0.31313.79
MinimumVisualStudioVersion = 10.0.40219.1
Project("{FAE04EC0-301F-11D3-BF4B-00C04F79EFBC}") = "DisplayFModel_EditorFModel_Ex", "DisplayFModel_EditorFModel_Ex\DisplayFModel_EditorFModel_Ex.csproj", "{04FB2B70-FBF5-47DA-960A-99CB36FC3451}"
EndProject
Global
	GlobalSection(SolutionConfigurationPlatforms) = preSolution
		Debug|Any CPU = Debug|Any CPU
		Release|Any CPU = Release|Any CPU
	EndGlobalSection
	GlobalSection(ProjectConfigurationPlatforms) = postSolution
		{04FB2B70-FBF5-47DA-960A-99CB36FC3451}.Debug|Any CPU.ActiveCfg = Debug|Any CPU
		{04FB2B70-FBF5-47DA-960A-99CB36FC3451}.Debug|Any CPU.Build.0 = Debug|Any CPU
		{04FB2B70-FBF5-47DA-960A-99CB36FC3451}.Release|Any CPU.ActiveCfg = Release|Any CPU
		{04FB2B70-FBF5-47DA-960A-99CB36FC3451}.Release|Any CPU.Build.0 = Release|Any CPU
	EndGlobalSection
	GlobalSection(SolutionProperties) = preSolution
		HideSolutionNode = FALSE
	EndGlobalSection
	GlobalSection(ExtensibilityGlobals) = postSolution
		SolutionGuid = {799053FC-9C77-46D9-846D-FAB667D1C745}
	EndGlobalSection
EndGlobal
