
Microsoft Visual Studio Solution File, Format Version 12.00
# Visual Studio Version 16
VisualStudioVersion = 16.0.31313.79
MinimumVisualStudioVersion = 10.0.40219.1
Project("{FAE04EC0-301F-11D3-BF4B-00C04F79EFBC}") = "HtmlHelpers_Ex", "HtmlHelpers_Ex\HtmlHelpers_Ex.csproj", "{24F3712D-9180-4BFB-AFBF-1633558717BC}"
EndProject
Global
	GlobalSection(SolutionConfigurationPlatforms) = preSolution
		Debug|Any CPU = Debug|Any CPU
		Release|Any CPU = Release|Any CPU
	EndGlobalSection
	GlobalSection(ProjectConfigurationPlatforms) = postSolution
		{24F3712D-9180-4BFB-AFBF-1633558717BC}.Debug|Any CPU.ActiveCfg = Debug|Any CPU
		{24F3712D-9180-4BFB-AFBF-1633558717BC}.Debug|Any CPU.Build.0 = Debug|Any CPU
		{24F3712D-9180-4BFB-AFBF-1633558717BC}.Release|Any CPU.ActiveCfg = Release|Any CPU
		{24F3712D-9180-4BFB-AFBF-1633558717BC}.Release|Any CPU.Build.0 = Release|Any CPU
	EndGlobalSection
	GlobalSection(SolutionProperties) = preSolution
		HideSolutionNode = FALSE
	EndGlobalSection
	GlobalSection(ExtensibilityGlobals) = postSolution
		SolutionGuid = {0E213773-8386-4DBA-9376-43B559DE4AFE}
	EndGlobalSection
EndGlobal
