
Microsoft Visual Studio Solution File, Format Version 12.00
# Visual Studio Version 16
VisualStudioVersion = 16.0.31019.35
MinimumVisualStudioVersion = 10.0.40219.1
Project("{FAE04EC0-301F-11D3-BF4B-00C04F79EFBC}") = "Inheritance", "Inheritance\Inheritance.csproj", "{B668DBC3-511E-4174-8BDE-285E82ABC642}"
EndProject
Global
	GlobalSection(SolutionConfigurationPlatforms) = preSolution
		Debug|Any CPU = Debug|Any CPU
		Release|Any CPU = Release|Any CPU
	EndGlobalSection
	GlobalSection(ProjectConfigurationPlatforms) = postSolution
		{B668DBC3-511E-4174-8BDE-285E82ABC642}.Debug|Any CPU.ActiveCfg = Debug|Any CPU
		{B668DBC3-511E-4174-8BDE-285E82ABC642}.Debug|Any CPU.Build.0 = Debug|Any CPU
		{B668DBC3-511E-4174-8BDE-285E82ABC642}.Release|Any CPU.ActiveCfg = Release|Any CPU
		{B668DBC3-511E-4174-8BDE-285E82ABC642}.Release|Any CPU.Build.0 = Release|Any CPU
	EndGlobalSection
	GlobalSection(SolutionProperties) = preSolution
		HideSolutionNode = FALSE
	EndGlobalSection
	GlobalSection(ExtensibilityGlobals) = postSolution
		SolutionGuid = {D6BBE13F-636F-4BFE-BBBD-170F812AA313}
	EndGlobalSection
EndGlobal
